{
  "originHash" : "9955eff2a099a9e3ed69c596b09eb485203c9aef27cebc721342eab9e9c97dd3",
  "pins" : [
    {
      "identity" : "magicui-framework-beta",
      "kind" : "remoteSourceControl",
      "location" : "https://gitlab.com/peter.popovec/magicui-framework-beta",
      "state" : {
        "branch" : "main",
        "revision" : "d6fede77d166e18be28c33c99c135f64822b5a8e"
      }
    }
  ],
  "version" : 3
}
